
Microsoft Visual Studio Solution File, Format Version 12.00
# Visual Studio Version 16
VisualStudioVersion = 16.0.29519.87
MinimumVisualStudioVersion = 10.0.40219.1
Project("{FAE04EC0-301F-11D3-BF4B-00C04F79EFBC}") = "MyCore3", "MyCore3\MyCore3.csproj", "{C4C24157-B51A-493E-8906-9DB34B13BAA2}"
EndProject
Global
	GlobalSection(SolutionConfigurationPlatforms) = preSolution
		Debug|Any CPU = Debug|Any CPU
		Release|Any CPU = Release|Any CPU
	EndGlobalSection
	GlobalSection(ProjectConfigurationPlatforms) = postSolution
		{C4C24157-B51A-493E-8906-9DB34B13BAA2}.Debug|Any CPU.ActiveCfg = Debug|Any CPU
		{C4C24157-B51A-493E-8906-9DB34B13BAA2}.Debug|Any CPU.Build.0 = Debug|Any CPU
		{C4C24157-B51A-493E-8906-9DB34B13BAA2}.Release|Any CPU.ActiveCfg = Release|Any CPU
		{C4C24157-B51A-493E-8906-9DB34B13BAA2}.Release|Any CPU.Build.0 = Release|Any CPU
	EndGlobalSection
	GlobalSection(SolutionProperties) = preSolution
		HideSolutionNode = FALSE
	EndGlobalSection
	GlobalSection(ExtensibilityGlobals) = postSolution
		SolutionGuid = {E61303FC-EFAB-4AF6-BCD6-44AACD494286}
	EndGlobalSection
EndGlobal
